
Microsoft Visual Studio Solution File, Format Version 12.00
# Visual Studio 14
VisualStudioVersion = 14.0.23107.0
MinimumVisualStudioVersion = 10.0.40219.1
Project("{8BC9CEB8-8B4A-11D0-8D11-00A0C91BC942}") = "DdiMon", "DdiMon\DdiMon\DdiMon.vcxproj", "{B20D17DD-453E-4420-B691-4EB4B9AE3A15}"
	ProjectSection(ProjectDependencies) = postProject
		{FE197816-EF84-4E8D-B29D-E0A6BA2B144B} = {FE197816-EF84-4E8D-B29D-E0A6BA2B144B}
		{CBF8A435-F900-4F69-B67E-0AB57D5648F3} = {CBF8A435-F900-4F69-B67E-0AB57D5648F3}
	EndProjectSection
EndProject
Project("{8BC9CEB8-8B4A-11D0-8D11-00A0C91BC942}") = "IoctlMon", "IoctlMon\IoctlMon.vcxproj", "{CBF8A435-F900-4F69-B67E-0AB57D5648F3}"
EndProject
Project("{8BC9CEB8-8B4A-11D0-8D11-00A0C91BC942}") = "IoctlMonUserApp", "IoctlMonUserApp\IoctlMonUserApp.vcxproj", "{66D9C923-D324-42F8-A3CD-DA0DA3831EB1}"
EndProject
Project("{8BC9CEB8-8B4A-11D0-8D11-00A0C91BC942}") = "IoctlMonTestDrv", "IoctlMonTestDrv\IoctlMonTestDrv.vcxproj", "{54CBC45F-5B42-4B22-B422-EDDBFD26DCCA}"
EndProject
Project("{8BC9CEB8-8B4A-11D0-8D11-00A0C91BC942}") = "TestApp", "TestApp\TestApp.vcxproj", "{3E041BD8-AA2D-4F45-960C-A47E81726BBD}"
EndProject
Project("{2150E333-8FDC-42A3-9474-1A3956D46DE8}") = "Solution Items", "Solution Items", "{5534A5F7-CA7B-4395-8F3B-6A5047360FAE}"
	ProjectSection(SolutionItems) = preProject
		LICENSE = LICENSE
		README.md = README.md
	EndProjectSection
EndProject
Project("{8BC9CEB8-8B4A-11D0-8D11-00A0C91BC942}") = "capstone_static_winkernel", "capstone\msvc\capstone_static_winkernel\capstone_static_winkernel.vcxproj", "{FE197816-EF84-4E8D-B29D-E0A6BA2B144B}"
EndProject
Global
	GlobalSection(SolutionConfigurationPlatforms) = preSolution
		Debug|ARM = Debug|ARM
		Debug|ARM64 = Debug|ARM64
		Debug|x64 = Debug|x64
		Debug|x86 = Debug|x86
		Release|ARM = Release|ARM
		Release|ARM64 = Release|ARM64
		Release|x64 = Release|x64
		Release|x86 = Release|x86
	EndGlobalSection
	GlobalSection(ProjectConfigurationPlatforms) = postSolution
		{B20D17DD-453E-4420-B691-4EB4B9AE3A15}.Debug|ARM.ActiveCfg = Debug|Win32
		{B20D17DD-453E-4420-B691-4EB4B9AE3A15}.Debug|ARM64.ActiveCfg = Debug|Win32
		{B20D17DD-453E-4420-B691-4EB4B9AE3A15}.Debug|x64.ActiveCfg = Debug|x64
		{B20D17DD-453E-4420-B691-4EB4B9AE3A15}.Debug|x64.Build.0 = Debug|x64
		{B20D17DD-453E-4420-B691-4EB4B9AE3A15}.Debug|x64.Deploy.0 = Debug|x64
		{B20D17DD-453E-4420-B691-4EB4B9AE3A15}.Debug|x86.ActiveCfg = Debug|Win32
		{B20D17DD-453E-4420-B691-4EB4B9AE3A15}.Debug|x86.Build.0 = Debug|Win32
		{B20D17DD-453E-4420-B691-4EB4B9AE3A15}.Debug|x86.Deploy.0 = Debug|Win32
		{B20D17DD-453E-4420-B691-4EB4B9AE3A15}.Release|ARM.ActiveCfg = Release|Win32
		{B20D17DD-453E-4420-B691-4EB4B9AE3A15}.Release|ARM64.ActiveCfg = Release|Win32
		{B20D17DD-453E-4420-B691-4EB4B9AE3A15}.Release|x64.ActiveCfg = Release|x64
		{B20D17DD-453E-4420-B691-4EB4B9AE3A15}.Release|x64.Build.0 = Release|x64
		{B20D17DD-453E-4420-B691-4EB4B9AE3A15}.Release|x64.Deploy.0 = Release|x64
		{B20D17DD-453E-4420-B691-4EB4B9AE3A15}.Release|x86.ActiveCfg = Release|Win32
		{B20D17DD-453E-4420-B691-4EB4B9AE3A15}.Release|x86.Build.0 = Release|Win32
		{B20D17DD-453E-4420-B691-4EB4B9AE3A15}.Release|x86.Deploy.0 = Release|Win32
		{CBF8A435-F900-4F69-B67E-0AB57D5648F3}.Debug|ARM.ActiveCfg = Debug|ARM
		{CBF8A435-F900-4F69-B67E-0AB57D5648F3}.Debug|ARM.Build.0 = Debug|ARM
		{CBF8A435-F900-4F69-B67E-0AB57D5648F3}.Debug|ARM.Deploy.0 = Debug|ARM
		{CBF8A435-F900-4F69-B67E-0AB57D5648F3}.Debug|ARM64.ActiveCfg = Debug|ARM64
		{CBF8A435-F900-4F69-B67E-0AB57D5648F3}.Debug|ARM64.Build.0 = Debug|ARM64
		{CBF8A435-F900-4F69-B67E-0AB57D5648F3}.Debug|ARM64.Deploy.0 = Debug|ARM64
		{CBF8A435-F900-4F69-B67E-0AB57D5648F3}.Debug|x64.ActiveCfg = Debug|x64
		{CBF8A435-F900-4F69-B67E-0AB57D5648F3}.Debug|x64.Build.0 = Debug|x64
		{CBF8A435-F900-4F69-B67E-0AB57D5648F3}.Debug|x64.Deploy.0 = Debug|x64
		{CBF8A435-F900-4F69-B67E-0AB57D5648F3}.Debug|x86.ActiveCfg = Debug|Win32
		{CBF8A435-F900-4F69-B67E-0AB57D5648F3}.Debug|x86.Build.0 = Debug|Win32
		{CBF8A435-F900-4F69-B67E-0AB57D5648F3}.Debug|x86.Deploy.0 = Debug|Win32
		{CBF8A435-F900-4F69-B67E-0AB57D5648F3}.Release|ARM.ActiveCfg = Release|ARM
		{CBF8A435-F900-4F69-B67E-0AB57D5648F3}.Release|ARM.Build.0 = Release|ARM
		{CBF8A435-F900-4F69-B67E-0AB57D5648F3}.Release|ARM.Deploy.0 = Release|ARM
		{CBF8A435-F900-4F69-B67E-0AB57D5648F3}.Release|ARM64.ActiveCfg = Release|ARM64
		{CBF8A435-F900-4F69-B67E-0AB57D5648F3}.Release|ARM64.Build.0 = Release|ARM64
		{CBF8A435-F900-4F69-B67E-0AB57D5648F3}.Release|ARM64.Deploy.0 = Release|ARM64
		{CBF8A435-F900-4F69-B67E-0AB57D5648F3}.Release|x64.ActiveCfg = Release|x64
		{CBF8A435-F900-4F69-B67E-0AB57D5648F3}.Release|x64.Build.0 = Release|x64
		{CBF8A435-F900-4F69-B67E-0AB57D5648F3}.Release|x64.Deploy.0 = Release|x64
		{CBF8A435-F900-4F69-B67E-0AB57D5648F3}.Release|x86.ActiveCfg = Release|Win32
		{CBF8A435-F900-4F69-B67E-0AB57D5648F3}.Release|x86.Build.0 = Release|Win32
		{CBF8A435-F900-4F69-B67E-0AB57D5648F3}.Release|x86.Deploy.0 = Release|Win32
		{66D9C923-D324-42F8-A3CD-DA0DA3831EB1}.Debug|ARM.ActiveCfg = Debug|Win32
		{66D9C923-D324-42F8-A3CD-DA0DA3831EB1}.Debug|ARM64.ActiveCfg = Debug|Win32
		{66D9C923-D324-42F8-A3CD-DA0DA3831EB1}.Debug|x64.ActiveCfg = Debug|x64
		{66D9C923-D324-42F8-A3CD-DA0DA3831EB1}.Debug|x64.Build.0 = Debug|x64
		{66D9C923-D324-42F8-A3CD-DA0DA3831EB1}.Debug|x86.ActiveCfg = Debug|Win32
		{66D9C923-D324-42F8-A3CD-DA0DA3831EB1}.Debug|x86.Build.0 = Debug|Win32
		{66D9C923-D324-42F8-A3CD-DA0DA3831EB1}.Release|ARM.ActiveCfg = Release|Win32
		{66D9C923-D324-42F8-A3CD-DA0DA3831EB1}.Release|ARM64.ActiveCfg = Release|Win32
		{66D9C923-D324-42F8-A3CD-DA0DA3831EB1}.Release|x64.ActiveCfg = Release|x64
		{66D9C923-D324-42F8-A3CD-DA0DA3831EB1}.Release|x64.Build.0 = Release|x64
		{66D9C923-D324-42F8-A3CD-DA0DA3831EB1}.Release|x86.ActiveCfg = Release|Win32
		{66D9C923-D324-42F8-A3CD-DA0DA3831EB1}.Release|x86.Build.0 = Release|Win32
		{54CBC45F-5B42-4B22-B422-EDDBFD26DCCA}.Debug|ARM.ActiveCfg = Debug|ARM
		{54CBC45F-5B42-4B22-B422-EDDBFD26DCCA}.Debug|ARM.Build.0 = Debug|ARM
		{54CBC45F-5B42-4B22-B422-EDDBFD26DCCA}.Debug|ARM.Deploy.0 = Debug|ARM
		{54CBC45F-5B42-4B22-B422-EDDBFD26DCCA}.Debug|ARM64.ActiveCfg = Debug|ARM64
		{54CBC45F-5B42-4B22-B422-EDDBFD26DCCA}.Debug|ARM64.Build.0 = Debug|ARM64
		{54CBC45F-5B42-4B22-B422-EDDBFD26DCCA}.Debug|ARM64.Deploy.0 = Debug|ARM64
		{54CBC45F-5B42-4B22-B422-EDDBFD26DCCA}.Debug|x64.ActiveCfg = Debug|x64
		{54CBC45F-5B42-4B22-B422-EDDBFD26DCCA}.Debug|x64.Build.0 = Debug|x64
		{54CBC45F-5B42-4B22-B422-EDDBFD26DCCA}.Debug|x64.Deploy.0 = Debug|x64
		{54CBC45F-5B42-4B22-B422-EDDBFD26DCCA}.Debug|x86.ActiveCfg = Debug|Win32
		{54CBC45F-5B42-4B22-B422-EDDBFD26DCCA}.Debug|x86.Build.0 = Debug|Win32
		{54CBC45F-5B42-4B22-B422-EDDBFD26DCCA}.Debug|x86.Deploy.0 = Debug|Win32
		{54CBC45F-5B42-4B22-B422-EDDBFD26DCCA}.Release|ARM.ActiveCfg = Release|ARM
		{54CBC45F-5B42-4B22-B422-EDDBFD26DCCA}.Release|ARM.Build.0 = Release|ARM
		{54CBC45F-5B42-4B22-B422-EDDBFD26DCCA}.Release|ARM.Deploy.0 = Release|ARM
		{54CBC45F-5B42-4B22-B422-EDDBFD26DCCA}.Release|ARM64.ActiveCfg = Release|ARM64
		{54CBC45F-5B42-4B22-B422-EDDBFD26DCCA}.Release|ARM64.Build.0 = Release|ARM64
		{54CBC45F-5B42-4B22-B422-EDDBFD26DCCA}.Release|ARM64.Deploy.0 = Release|ARM64
		{54CBC45F-5B42-4B22-B422-EDDBFD26DCCA}.Release|x64.ActiveCfg = Release|x64
		{54CBC45F-5B42-4B22-B422-EDDBFD26DCCA}.Release|x64.Build.0 = Release|x64
		{54CBC45F-5B42-4B22-B422-EDDBFD26DCCA}.Release|x64.Deploy.0 = Release|x64
		{54CBC45F-5B42-4B22-B422-EDDBFD26DCCA}.Release|x86.ActiveCfg = Release|Win32
		{54CBC45F-5B42-4B22-B422-EDDBFD26DCCA}.Release|x86.Build.0 = Release|Win32
		{54CBC45F-5B42-4B22-B422-EDDBFD26DCCA}.Release|x86.Deploy.0 = Release|Win32
		{3E041BD8-AA2D-4F45-960C-A47E81726BBD}.Debug|ARM.ActiveCfg = Debug|Win32
		{3E041BD8-AA2D-4F45-960C-A47E81726BBD}.Debug|ARM64.ActiveCfg = Debug|Win32
		{3E041BD8-AA2D-4F45-960C-A47E81726BBD}.Debug|x64.ActiveCfg = Debug|x64
		{3E041BD8-AA2D-4F45-960C-A47E81726BBD}.Debug|x64.Build.0 = Debug|x64
		{3E041BD8-AA2D-4F45-960C-A47E81726BBD}.Debug|x86.ActiveCfg = Debug|Win32
		{3E041BD8-AA2D-4F45-960C-A47E81726BBD}.Debug|x86.Build.0 = Debug|Win32
		{3E041BD8-AA2D-4F45-960C-A47E81726BBD}.Release|ARM.ActiveCfg = Release|Win32
		{3E041BD8-AA2D-4F45-960C-A47E81726BBD}.Release|ARM64.ActiveCfg = Release|Win32
		{3E041BD8-AA2D-4F45-960C-A47E81726BBD}.Release|x64.ActiveCfg = Release|x64
		{3E041BD8-AA2D-4F45-960C-A47E81726BBD}.Release|x64.Build.0 = Release|x64
		{3E041BD8-AA2D-4F45-960C-A47E81726BBD}.Release|x86.ActiveCfg = Release|Win32
		{3E041BD8-AA2D-4F45-960C-A47E81726BBD}.Release|x86.Build.0 = Release|Win32
		{FE197816-EF84-4E8D-B29D-E0A6BA2B144B}.Debug|ARM.ActiveCfg = Debug|Win32
		{FE197816-EF84-4E8D-B29D-E0A6BA2B144B}.Debug|ARM64.ActiveCfg = Debug|Win32
		{FE197816-EF84-4E8D-B29D-E0A6BA2B144B}.Debug|x64.ActiveCfg = Debug|x64
		{FE197816-EF84-4E8D-B29D-E0A6BA2B144B}.Debug|x64.Build.0 = Debug|x64
		{FE197816-EF84-4E8D-B29D-E0A6BA2B144B}.Debug|x64.Deploy.0 = Debug|x64
		{FE197816-EF84-4E8D-B29D-E0A6BA2B144B}.Debug|x86.ActiveCfg = Debug|Win32
		{FE197816-EF84-4E8D-B29D-E0A6BA2B144B}.Debug|x86.Build.0 = Debug|Win32
		{FE197816-EF84-4E8D-B29D-E0A6BA2B144B}.Debug|x86.Deploy.0 = Debug|Win32
		{FE197816-EF84-4E8D-B29D-E0A6BA2B144B}.Release|ARM.ActiveCfg = Release|Win32
		{FE197816-EF84-4E8D-B29D-E0A6BA2B144B}.Release|ARM64.ActiveCfg = Release|Win32
		{FE197816-EF84-4E8D-B29D-E0A6BA2B144B}.Release|x64.ActiveCfg = Release|x64
		{FE197816-EF84-4E8D-B29D-E0A6BA2B144B}.Release|x64.Build.0 = Release|x64
		{FE197816-EF84-4E8D-B29D-E0A6BA2B144B}.Release|x64.Deploy.0 = Release|x64
		{FE197816-EF84-4E8D-B29D-E0A6BA2B144B}.Release|x86.ActiveCfg = Release|Win32
		{FE197816-EF84-4E8D-B29D-E0A6BA2B144B}.Release|x86.Build.0 = Release|Win32
		{FE197816-EF84-4E8D-B29D-E0A6BA2B144B}.Release|x86.Deploy.0 = Release|Win32
	EndGlobalSection
	GlobalSection(SolutionProperties) = preSolution
		HideSolutionNode = FALSE
	EndGlobalSection
EndGlobal
